{
  "name": "indra-saudia",
  "version": "1.0.0",
  "lockfileVersion": 1,
  "requires": true,
  "dependencies": {
    "@babel/runtime": {
      "version": "7.1.2",
      "resolved": "https://registry.npmjs.org/@babel/runtime/-/runtime-7.1.2.tgz",
      "integrity": "sha512-Y3SCjmhSupzFB6wcv1KmmFucH6gDVnI30WjOcicV10ju0cZjak3Jcs67YLIXBrmZYw1xCrVeJPbycFwrqNyxpg==",
      "requires": {
        "regenerator-runtime": "^0.12.0"
      }
    },
    "fast-unique-numbers": {
      "version": "2.1.5",
      "resolved": "https://registry.npmjs.org/fast-unique-numbers/-/fast-unique-numbers-2.1.5.tgz",
      "integrity": "sha512-ZT5J7LUcqCcV43/liuQzuc9TYOYGTEShiIYUL1aU6KHAm6n05GIheyqn178g/hp9aKUloZvRTYr9Y6x+vOdwRQ==",
      "requires": {
        "@babel/runtime": "^7.1.2",
        "tslib": "^1.9.3"
      }
    },
    "live-server-https": {
      "version": "0.0.2",
      "resolved": "https://registry.npmjs.org/live-server-https/-/live-server-https-0.0.2.tgz",
      "integrity": "sha1-mNQ2Gxr5QCH8NkI3EvqBQuf+jm8="
    },
    "regenerator-runtime": {
      "version": "0.12.1",
      "resolved": "https://registry.npmjs.org/regenerator-runtime/-/regenerator-runtime-0.12.1.tgz",
      "integrity": "sha512-odxIc1/vDlo4iZcfXqRYFj0vpXFNoGdKMAUieAlFYO6m/nl5e9KR/beGf41z4a1FI+aQgtjhuaSlDxQ0hmkrHg=="
    },
    "tslib": {
      "version": "1.9.3",
      "resolved": "https://registry.npmjs.org/tslib/-/tslib-1.9.3.tgz",
      "integrity": "sha512-4krF8scpejhaOgqzBEcGM7yDIEfi0/8+8zDRZhNZZ2kjmHJ4hv3zCbQWxoJGz1iw5U0Jl0nma13xzHXcncMavQ=="
    },
    "worker-timers": {
      "version": "4.0.52",
      "resolved": "https://registry.npmjs.org/worker-timers/-/worker-timers-4.0.52.tgz",
      "integrity": "sha512-9U0gJstmbBEEQdq5C199Si8CjxY3itTiPDCaa+tNwkk2EHcp7eSMZ+NBEzhrwoWcxKleJ5PkIxvDCwuwCwNszA==",
      "requires": {
        "@babel/runtime": "^7.1.2",
        "tslib": "^1.9.3",
        "worker-timers-broker": "^4.0.35",
        "worker-timers-worker": "^4.0.23"
      }
    },
    "worker-timers-broker": {
      "version": "4.0.35",
      "resolved": "https://registry.npmjs.org/worker-timers-broker/-/worker-timers-broker-4.0.35.tgz",
      "integrity": "sha512-NoaCOa8THtNejd/YVmufbGuqRGp9M6q6Eoao+BqV6BoMpbMCE/7zN47aY2d1e/omtAYfnWBygm6jfmhirS1ZsQ==",
      "requires": {
        "@babel/runtime": "^7.1.2",
        "fast-unique-numbers": "^2.1.5",
        "tslib": "^1.9.3",
        "worker-timers-worker": "^4.0.23"
      }
    },
    "worker-timers-worker": {
      "version": "4.0.23",
      "resolved": "https://registry.npmjs.org/worker-timers-worker/-/worker-timers-worker-4.0.23.tgz",
      "integrity": "sha512-nkLbi0vgasDLmuluP8qIVsxpvOiBnRYnOtSupyew+IALnZ4hpJp4d3n3EpUDYtTa6e5XAMVk5dF6EclunWA32A==",
      "requires": {
        "@babel/runtime": "^7.1.2",
        "tslib": "^1.9.3"
      }
    }
  }
}
